// !$*UTF8*$!
{
	archiveVersion = 1;
	classes = {
	};
	objectVersion = 50;
	objects = {

/* Begin PBXBuildFile section */
		6BCC194323E0E10A0067D51E /* AppDelegate.swift in Sources */ = {isa = PBXBuildFile; fileRef = 6BCC194223E0E10A0067D51E /* AppDelegate.swift */; };
		6BCC194523E0E10A0067D51E /* SceneDelegate.swift in Sources */ = {isa = PBXBuildFile; fileRef = 6BCC194423E0E10A0067D51E /* SceneDelegate.swift */; };
		6BCC194723E0E10A0067D51E /* ContentView.swift in Sources */ = {isa = PBXBuildFile; fileRef = 6BCC194623E0E10A0067D51E /* ContentView.swift */; };
		6BCC194923E0E10C0067D51E /* Assets.xcassets in Resources */ = {isa = PBXBuildFile; fileRef = 6BCC194823E0E10C0067D51E /* Assets.xcassets */; };
		6BCC194C23E0E10C0067D51E /* Preview Assets.xcassets in Resources */ = {isa = PBXBuildFile; fileRef = 6BCC194B23E0E10C0067D51E /* Preview Assets.xcassets */; };
		6BCC194F23E0E10C0067D51E /* LaunchScreen.storyboard in Resources */ = {isa = PBXBuildFile; fileRef = 6BCC194D23E0E10C0067D51E /* LaunchScreen.storyboard */; };
		6BCC195823E0EB890067D51E /* astronauts.json in Resources */ = {isa = PBXBuildFile; fileRef = 6BCC195623E0EB890067D51E /* astronauts.json */; };
		6BCC195923E0EB890067D51E /* missions.json in Resources */ = {isa = PBXBuildFile; fileRef = 6BCC195723E0EB890067D51E /* missions.json */; };
		6BCC195D23E0EC3B0067D51E /* Astronaut.swift in Sources */ = {isa = PBXBuildFile; fileRef = 6BCC195C23E0EC3B0067D51E /* Astronaut.swift */; };
		6BCC195F23E0ECAF0067D51E /* Bundle-Decodable.swift in Sources */ = {isa = PBXBuildFile; fileRef = 6BCC195E23E0ECAF0067D51E /* Bundle-Decodable.swift */; };
		6BCC196123E4BC8E0067D51E /* Mission.swift in Sources */ = {isa = PBXBuildFile; fileRef = 6BCC196023E4BC8E0067D51E /* Mission.swift */; };
		6BCC196423E4C58C0067D51E /* MissionView.swift in Sources */ = {isa = PBXBuildFile; fileRef = 6BCC196323E4C58C0067D51E /* MissionView.swift */; };
		6BCC196623E4DD620067D51E /* AstronautView.swift in Sources */ = {isa = PBXBuildFile; fileRef = 6BCC196523E4DD620067D51E /* AstronautView.swift */; };
/* End PBXBuildFile section */

/* Begin PBXFileReference section */
		6BCC193F23E0E10A0067D51E /* Moonshot.app */ = {isa = PBXFileReference; explicitFileType = wrapper.application; includeInIndex = 0; path = Moonshot.app; sourceTree = BUILT_PRODUCTS_DIR; };
		6BCC194223E0E10A0067D51E /* AppDelegate.swift */ = {isa = PBXFileReference; lastKnownFileType = sourcecode.swift; path = AppDelegate.swift; sourceTree = "<group>"; };
		6BCC194423E0E10A0067D51E /* SceneDelegate.swift */ = {isa = PBXFileReference; lastKnownFileType = sourcecode.swift; path = SceneDelegate.swift; sourceTree = "<group>"; };
		6BCC194623E0E10A0067D51E /* ContentView.swift */ = {isa = PBXFileReference; lastKnownFileType = sourcecode.swift; path = ContentView.swift; sourceTree = "<group>"; };
		6BCC194823E0E10C0067D51E /* Assets.xcassets */ = {isa = PBXFileReference; lastKnownFileType = folder.assetcatalog; path = Assets.xcassets; sourceTree = "<group>"; };
		6BCC194B23E0E10C0067D51E /* Preview Assets.xcassets */ = {isa = PBXFileReference; lastKnownFileType = folder.assetcatalog; path = "Preview Assets.xcassets"; sourceTree = "<group>"; };
		6BCC194E23E0E10C0067D51E /* Base */ = {isa = PBXFileReference; lastKnownFileType = file.storyboard; name = Base; path = Base.lproj/LaunchScreen.storyboard; sourceTree = "<group>"; };
		6BCC195023E0E10C0067D51E /* Info.plist */ = {isa = PBXFileReference; lastKnownFileType = text.plist.xml; path = Info.plist; sourceTree = "<group>"; };
		6BCC195623E0EB890067D51E /* astronauts.json */ = {isa = PBXFileReference; fileEncoding = 4; lastKnownFileType = text.json; path = astronauts.json; sourceTree = "<group>"; };
		6BCC195723E0EB890067D51E /* missions.json */ = {isa = PBXFileReference; fileEncoding = 4; lastKnownFileType = text.json; path = missions.json; sourceTree = "<group>"; };
		6BCC195C23E0EC3B0067D51E /* Astronaut.swift */ = {isa = PBXFileReference; lastKnownFileType = sourcecode.swift; path = Astronaut.swift; sourceTree = "<group>"; };
		6BCC195E23E0ECAF0067D51E /* Bundle-Decodable.swift */ = {isa = PBXFileReference; lastKnownFileType = sourcecode.swift; path = "Bundle-Decodable.swift"; sourceTree = "<group>"; };
		6BCC196023E4BC8E0067D51E /* Mission.swift */ = {isa = PBXFileReference; lastKnownFileType = sourcecode.swift; path = Mission.swift; sourceTree = "<group>"; };
		6BCC196323E4C58C0067D51E /* MissionView.swift */ = {isa = PBXFileReference; lastKnownFileType = sourcecode.swift; path = MissionView.swift; sourceTree = "<group>"; };
		6BCC196523E4DD620067D51E /* AstronautView.swift */ = {isa = PBXFileReference; lastKnownFileType = sourcecode.swift; path = AstronautView.swift; sourceTree = "<group>"; };
/* End PBXFileReference section */

/* Begin PBXFrameworksBuildPhase section */
		6BCC193C23E0E10A0067D51E /* Frameworks */ = {
			isa = PBXFrameworksBuildPhase;
			buildActionMask = 2147483647;
			files = (
			);
			runOnlyForDeploymentPostprocessing = 0;
		};
/* End PBXFrameworksBuildPhase section */

/* Begin PBXGroup section */
		6BCC193623E0E10A0067D51E = {
			isa = PBXGroup;
			children = (
				6BCC194123E0E10A0067D51E /* Moonshot */,
				6BCC194023E0E10A0067D51E /* Products */,
			);
			sourceTree = "<group>";
		};
		6BCC194023E0E10A0067D51E /* Products */ = {
			isa = PBXGroup;
			children = (
				6BCC193F23E0E10A0067D51E /* Moonshot.app */,
			);
			name = Products;
			sourceTree = "<group>";
		};
		6BCC194123E0E10A0067D51E /* Moonshot */ = {
			isa = PBXGroup;
			children = (
				6BCC195A23E0EB940067D51E /* Data */,
				6BCC195B23E0EC170067D51E /* Models */,
				6BCC194223E0E10A0067D51E /* AppDelegate.swift */,
				6BCC195E23E0ECAF0067D51E /* Bundle-Decodable.swift */,
				6BCC194423E0E10A0067D51E /* SceneDelegate.swift */,
				6BCC194823E0E10C0067D51E /* Assets.xcassets */,
				6BCC194D23E0E10C0067D51E /* LaunchScreen.storyboard */,
				6BCC195023E0E10C0067D51E /* Info.plist */,
				6BCC196223E4C56B0067D51E /* Views */,
				6BCC194A23E0E10C0067D51E /* Preview Content */,
			);
			path = Moonshot;
			sourceTree = "<group>";
		};
		6BCC194A23E0E10C0067D51E /* Preview Content */ = {
			isa = PBXGroup;
			children = (
				6BCC194B23E0E10C0067D51E /* Preview Assets.xcassets */,
			);
			path = "Preview Content";
			sourceTree = "<group>";
		};
		6BCC195A23E0EB940067D51E /* Data */ = {
			isa = PBXGroup;
			children = (
				6BCC195623E0EB890067D51E /* astronauts.json */,
				6BCC195723E0EB890067D51E /* missions.json */,
			);
			path = Data;
			sourceTree = "<group>";
		};
		6BCC195B23E0EC170067D51E /* Models */ = {
			isa = PBXGroup;
			children = (
				6BCC195C23E0EC3B0067D51E /* Astronaut.swift */,
				6BCC196023E4BC8E0067D51E /* Mission.swift */,
			);
			path = Models;
			sourceTree = "<group>";
		};
		6BCC196223E4C56B0067D51E /* Views */ = {
			isa = PBXGroup;
			children = (
				6BCC194623E0E10A0067D51E /* ContentView.swift */,
				6BCC196323E4C58C0067D51E /* MissionView.swift */,
				6BCC196523E4DD620067D51E /* AstronautView.swift */,
			);
			path = Views;
			sourceTree = "<group>";
		};
/* End PBXGroup section */

/* Begin PBXNativeTarget section */
		6BCC193E23E0E10A0067D51E /* Moonshot */ = {
			isa = PBXNativeTarget;
			buildConfigurationList = 6BCC195323E0E10C0067D51E /* Build configuration list for PBXNativeTarget "Moonshot" */;
			buildPhases = (
				6BCC193B23E0E10A0067D51E /* Sources */,
				6BCC193C23E0E10A0067D51E /* Frameworks */,
				6BCC193D23E0E10A0067D51E /* Resources */,
			);
			buildRules = (
			);
			dependencies = (
			);
			name = Moonshot;
			productName = Moonshot;
			productReference = 6BCC193F23E0E10A0067D51E /* Moonshot.app */;
			productType = "com.apple.product-type.application";
		};
/* End PBXNativeTarget section */

/* Begin PBXProject section */
		6BCC193723E0E10A0067D51E /* Project object */ = {
			isa = PBXProject;
			attributes = {
				LastSwiftUpdateCheck = 1130;
				LastUpgradeCheck = 1130;
				ORGANIZATIONNAME = "Sebastian Carlberg";
				TargetAttributes = {
					6BCC193E23E0E10A0067D51E = {
						CreatedOnToolsVersion = 11.3.1;
					};
				};
			};
			buildConfigurationList = 6BCC193A23E0E10A0067D51E /* Build configuration list for PBXProject "Moonshot" */;
			compatibilityVersion = "Xcode 9.3";
			developmentRegion = en;
			hasScannedForEncodings = 0;
			knownRegions = (
				en,
				Base,
			);
			mainGroup = 6BCC193623E0E10A0067D51E;
			productRefGroup = 6BCC194023E0E10A0067D51E /* Products */;
			projectDirPath = "";
			projectRoot = "";
			targets = (
				6BCC193E23E0E10A0067D51E /* Moonshot */,
			);
		};
/* End PBXProject section */

/* Begin PBXResourcesBuildPhase section */
		6BCC193D23E0E10A0067D51E /* Resources */ = {
			isa = PBXResourcesBuildPhase;
			buildActionMask = 2147483647;
			files = (
				6BCC194F23E0E10C0067D51E /* LaunchScreen.storyboard in Resources */,
				6BCC195923E0EB890067D51E /* missions.json in Resources */,
				6BCC194C23E0E10C0067D51E /* Preview Assets.xcassets in Resources */,
				6BCC194923E0E10C0067D51E /* Assets.xcassets in Resources */,
				6BCC195823E0EB890067D51E /* astronauts.json in Resources */,
			);
			runOnlyForDeploymentPostprocessing = 0;
		};
/* End PBXResourcesBuildPhase section */

/* Begin PBXSourcesBuildPhase section */
		6BCC193B23E0E10A0067D51E /* Sources */ = {
			isa = PBXSourcesBuildPhase;
			buildActionMask = 2147483647;
			files = (
				6BCC196423E4C58C0067D51E /* MissionView.swift in Sources */,
				6BCC196123E4BC8E0067D51E /* Mission.swift in Sources */,
				6BCC194323E0E10A0067D51E /* AppDelegate.swift in Sources */,
				6BCC194523E0E10A0067D51E /* SceneDelegate.swift in Sources */,
				6BCC195F23E0ECAF0067D51E /* Bundle-Decodable.swift in Sources */,
				6BCC194723E0E10A0067D51E /* ContentView.swift in Sources */,
				6BCC195D23E0EC3B0067D51E /* Astronaut.swift in Sources */,
				6BCC196623E4DD620067D51E /* AstronautView.swift in Sources */,
			);
			runOnlyForDeploymentPostprocessing = 0;
		};
/* End PBXSourcesBuildPhase section */

/* Begin PBXVariantGroup section */
		6BCC194D23E0E10C0067D51E /* LaunchScreen.storyboard */ = {
			isa = PBXVariantGroup;
			children = (
				6BCC194E23E0E10C0067D51E /* Base */,
			);
			name = LaunchScreen.storyboard;
			sourceTree = "<group>";
		};
/* End PBXVariantGroup section */

/* Begin XCBuildConfiguration section */
		6BCC195123E0E10C0067D51E /* Debug */ = {
			isa = XCBuildConfiguration;
			buildSettings = {
				ALWAYS_SEARCH_USER_PATHS = NO;
				CLANG_ANALYZER_NONNULL = YES;
				CLANG_ANALYZER_NUMBER_OBJECT_CONVERSION = YES_AGGRESSIVE;
				CLANG_CXX_LANGUAGE_STANDARD = "gnu++14";
				CLANG_CXX_LIBRARY = "libc++";
				CLANG_ENABLE_MODULES = YES;
				CLANG_ENABLE_OBJC_ARC = YES;
				CLANG_ENABLE_OBJC_WEAK = YES;
				CLANG_WARN_BLOCK_CAPTURE_AUTORELEASING = YES;
				CLANG_WARN_BOOL_CONVERSION = YES;
				CLANG_WARN_COMMA = YES;
				CLANG_WARN_CONSTANT_CONVERSION = YES;
				CLANG_WARN_DEPRECATED_OBJC_IMPLEMENTATIONS = YES;
				CLANG_WARN_DIRECT_OBJC_ISA_USAGE = YES_ERROR;
				CLANG_WARN_DOCUMENTATION_COMMENTS = YES;
				CLANG_WARN_EMPTY_BODY = YES;
				CLANG_WARN_ENUM_CONVERSION = YES;
				CLANG_WARN_INFINITE_RECURSION = YES;
				CLANG_WARN_INT_CONVERSION = YES;
				CLANG_WARN_NON_LITERAL_NULL_CONVERSION = YES;
				CLANG_WARN_OBJC_IMPLICIT_RETAIN_SELF = YES;
				CLANG_WARN_OBJC_LITERAL_CONVERSION = YES;
				CLANG_WARN_OBJC_ROOT_CLASS = YES_ERROR;
				CLANG_WARN_RANGE_LOOP_ANALYSIS = YES;
				CLANG_WARN_STRICT_PROTOTYPES = YES;
				CLANG_WARN_SUSPICIOUS_MOVE = YES;
				CLANG_WARN_UNGUARDED_AVAILABILITY = YES_AGGRESSIVE;
				CLANG_WARN_UNREACHABLE_CODE = YES;
				CLANG_WARN__DUPLICATE_METHOD_MATCH = YES;
				COPY_PHASE_STRIP = NO;
				DEBUG_INFORMATION_FORMAT = dwarf;
				ENABLE_STRICT_OBJC_MSGSEND = YES;
				ENABLE_TESTABILITY = YES;
				GCC_C_LANGUAGE_STANDARD = gnu11;
				GCC_DYNAMIC_NO_PIC = NO;
				GCC_NO_COMMON_BLOCKS = YES;
				GCC_OPTIMIZATION_LEVEL = 0;
				GCC_PREPROCESSOR_DEFINITIONS = (
					"DEBUG=1",
					"$(inherited)",
				);
				GCC_WARN_64_TO_32_BIT_CONVERSION = YES;
				GCC_WARN_ABOUT_RETURN_TYPE = YES_ERROR;
				GCC_WARN_UNDECLARED_SELECTOR = YES;
				GCC_WARN_UNINITIALIZED_AUTOS = YES_AGGRESSIVE;
				GCC_WARN_UNUSED_FUNCTION = YES;
				GCC_WARN_UNUSED_VARIABLE = YES;
				IPHONEOS_DEPLOYMENT_TARGET = 13.2;
				MTL_ENABLE_DEBUG_INFO = INCLUDE_SOURCE;
				MTL_FAST_MATH = YES;
				ONLY_ACTIVE_ARCH = YES;
				SDKROOT = iphoneos;
				SWIFT_ACTIVE_COMPILATION_CONDITIONS = DEBUG;
				SWIFT_OPTIMIZATION_LEVEL = "-Onone";
			};
			name = Debug;
		};
		6BCC195223E0E10C0067D51E /* Release */ = {
			isa = XCBuildConfiguration;
			buildSettings = {
				ALWAYS_SEARCH_USER_PATHS = NO;
				CLANG_ANALYZER_NONNULL = YES;
				CLANG_ANALYZER_NUMBER_OBJECT_CONVERSION = YES_AGGRESSIVE;
				CLANG_CXX_LANGUAGE_STANDARD = "gnu++14";
				CLANG_CXX_LIBRARY = "libc++";
				CLANG_ENABLE_MODULES = YES;
				CLANG_ENABLE_OBJC_ARC = YES;
				CLANG_ENABLE_OBJC_WEAK = YES;
				CLANG_WARN_BLOCK_CAPTURE_AUTORELEASING = YES;
				CLANG_WARN_BOOL_CONVERSION = YES;
				CLANG_WARN_COMMA = YES;
				CLANG_WARN_CONSTANT_CONVERSION = YES;
				CLANG_WARN_DEPRECATED_OBJC_IMPLEMENTATIONS = YES;
				CLANG_WARN_DIRECT_OBJC_ISA_USAGE = YES_ERROR;
				CLANG_WARN_DOCUMENTATION_COMMENTS = YES;
				CLANG_WARN_EMPTY_BODY = YES;
				CLANG_WARN_ENUM_CONVERSION = YES;
				CLANG_WARN_INFINITE_RECURSION = YES;
				CLANG_WARN_INT_CONVERSION = YES;
				CLANG_WARN_NON_LITERAL_NULL_CONVERSION = YES;
				CLANG_WARN_OBJC_IMPLICIT_RETAIN_SELF = YES;
				CLANG_WARN_OBJC_LITERAL_CONVERSION = YES;
				CLANG_WARN_OBJC_ROOT_CLASS = YES_ERROR;
				CLANG_WARN_RANGE_LOOP_ANALYSIS = YES;
				CLANG_WARN_STRICT_PROTOTYPES = YES;
				CLANG_WARN_SUSPICIOUS_MOVE = YES;
				CLANG_WARN_UNGUARDED_AVAILABILITY = YES_AGGRESSIVE;
				CLANG_WARN_UNREACHABLE_CODE = YES;
				CLANG_WARN__DUPLICATE_METHOD_MATCH = YES;
				COPY_PHASE_STRIP = NO;
				DEBUG_INFORMATION_FORMAT = "dwarf-with-dsym";
				ENABLE_NS_ASSERTIONS = NO;
				ENABLE_STRICT_OBJC_MSGSEND = YES;
				GCC_C_LANGUAGE_STANDARD = gnu11;
				GCC_NO_COMMON_BLOCKS = YES;
				GCC_WARN_64_TO_32_BIT_CONVERSION = YES;
				GCC_WARN_ABOUT_RETURN_TYPE = YES_ERROR;
				GCC_WARN_UNDECLARED_SELECTOR = YES;
				GCC_WARN_UNINITIALIZED_AUTOS = YES_AGGRESSIVE;
				GCC_WARN_UNUSED_FUNCTION = YES;
				GCC_WARN_UNUSED_VARIABLE = YES;
				IPHONEOS_DEPLOYMENT_TARGET = 13.2;
				MTL_ENABLE_DEBUG_INFO = NO;
				MTL_FAST_MATH = YES;
				SDKROOT = iphoneos;
				SWIFT_COMPILATION_MODE = wholemodule;
				SWIFT_OPTIMIZATION_LEVEL = "-O";
				VALIDATE_PRODUCT = YES;
			};
			name = Release;
		};
		6BCC195423E0E10C0067D51E /* Debug */ = {
			isa = XCBuildConfiguration;
			buildSettings = {
				ASSETCATALOG_COMPILER_APPICON_NAME = AppIcon;
				CODE_SIGN_STYLE = Automatic;
				DEVELOPMENT_ASSET_PATHS = "\"Moonshot/Preview Content\"";
				DEVELOPMENT_TEAM = H9PPBQ2R5K;
				ENABLE_PREVIEWS = YES;
				INFOPLIST_FILE = Moonshot/Info.plist;
				LD_RUNPATH_SEARCH_PATHS = (
					"$(inherited)",
					"@executable_path/Frameworks",
				);
				PRODUCT_BUNDLE_IDENTIFIER = sebastiancarlberg.Moonshot;
				PRODUCT_NAME = "$(TARGET_NAME)";
				SWIFT_VERSION = 5.0;
				TARGETED_DEVICE_FAMILY = "1,2";
			};
			name = Debug;
		};
		6BCC195523E0E10C0067D51E /* Release */ = {
			isa = XCBuildConfiguration;
			buildSettings = {
				ASSETCATALOG_COMPILER_APPICON_NAME = AppIcon;
				CODE_SIGN_STYLE = Automatic;
				DEVELOPMENT_ASSET_PATHS = "\"Moonshot/Preview Content\"";
				DEVELOPMENT_TEAM = H9PPBQ2R5K;
				ENABLE_PREVIEWS = YES;
				INFOPLIST_FILE = Moonshot/Info.plist;
				LD_RUNPATH_SEARCH_PATHS = (
					"$(inherited)",
					"@executable_path/Frameworks",
				);
				PRODUCT_BUNDLE_IDENTIFIER = sebastiancarlberg.Moonshot;
				PRODUCT_NAME = "$(TARGET_NAME)";
				SWIFT_VERSION = 5.0;
				TARGETED_DEVICE_FAMILY = "1,2";
			};
			name = Release;
		};
/* End XCBuildConfiguration section */

/* Begin XCConfigurationList section */
		6BCC193A23E0E10A0067D51E /* Build configuration list for PBXProject "Moonshot" */ = {
			isa = XCConfigurationList;
			buildConfigurations = (
				6BCC195123E0E10C0067D51E /* Debug */,
				6BCC195223E0E10C0067D51E /* Release */,
			);
			defaultConfigurationIsVisible = 0;
			defaultConfigurationName = Release;
		};
		6BCC195323E0E10C0067D51E /* Build configuration list for PBXNativeTarget "Moonshot" */ = {
			isa = XCConfigurationList;
			buildConfigurations = (
				6BCC195423E0E10C0067D51E /* Debug */,
				6BCC195523E0E10C0067D51E /* Release */,
			);
			defaultConfigurationIsVisible = 0;
			defaultConfigurationName = Release;
		};
/* End XCConfigurationList section */
	};
	rootObject = 6BCC193723E0E10A0067D51E /* Project object */;
}
